
Microsoft Visual Studio Solution File, Format Version 12.00
# Visual Studio 15
VisualStudioVersion = 15.0.28307.438
MinimumVisualStudioVersion = 10.0.40219.1
Project("{FAE04EC0-301F-11D3-BF4B-00C04F79EFBC}") = "XamarinUniverse-Website", "XamarinUniverse-Website\XamarinUniverse-Website.csproj", "{FEAA0FA8-57ED-4DE2-86D9-CEF01358CBF1}"
EndProject
Global
	GlobalSection(SolutionConfigurationPlatforms) = preSolution
		Debug|Any CPU = Debug|Any CPU
		Release|Any CPU = Release|Any CPU
	EndGlobalSection
	GlobalSection(ProjectConfigurationPlatforms) = postSolution
		{FEAA0FA8-57ED-4DE2-86D9-CEF01358CBF1}.Debug|Any CPU.ActiveCfg = Debug|Any CPU
		{FEAA0FA8-57ED-4DE2-86D9-CEF01358CBF1}.Debug|Any CPU.Build.0 = Debug|Any CPU
		{FEAA0FA8-57ED-4DE2-86D9-CEF01358CBF1}.Release|Any CPU.ActiveCfg = Release|Any CPU
		{FEAA0FA8-57ED-4DE2-86D9-CEF01358CBF1}.Release|Any CPU.Build.0 = Release|Any CPU
	EndGlobalSection
	GlobalSection(SolutionProperties) = preSolution
		HideSolutionNode = FALSE
	EndGlobalSection
	GlobalSection(ExtensibilityGlobals) = postSolution
		SolutionGuid = {D1124CC9-DDF4-4EDF-95FB-8285C85364DE}
	EndGlobalSection
EndGlobal
